
Microsoft Visual Studio Solution File, Format Version 12.00
Project("{FAE04EC0-301F-11D3-BF4B-00C04F79EFBC}") = "ConsoleApp", "ConsoleApp\ConsoleApp.csproj", "{80A4AE37-64BE-41E8-9141-9F6DB3ADCA7E}"
EndProject
Project("{FAE04EC0-301F-11D3-BF4B-00C04F79EFBC}") = "ConsoleUi", "ConsoleUi\ConsoleUi.csproj", "{7663910D-6D04-4A4C-9C5F-E903720839F7}"
EndProject
Project("{FAE04EC0-301F-11D3-BF4B-00C04F79EFBC}") = "GameBrain", "GameBrain\GameBrain.csproj", "{C552D225-EDB0-4AEF-A8A4-FE120D9DE7D5}"
EndProject
Project("{FAE04EC0-301F-11D3-BF4B-00C04F79EFBC}") = "MenuSystem", "MenuSystem\MenuSystem.csproj", "{513FC563-8981-44D6-A902-ECFF1F469D3E}"
EndProject
Project("{FAE04EC0-301F-11D3-BF4B-00C04F79EFBC}") = "DAL", "DAL\DAL.csproj", "{CF1FEEE5-E569-4D24-9590-9610427D3EAD}"
EndProject
Project("{FAE04EC0-301F-11D3-BF4B-00C04F79EFBC}") = "Domain", "Domain\Domain.csproj", "{83299BF7-70F9-4190-91FF-8FF4CD37050B}"
EndProject
Project("{FAE04EC0-301F-11D3-BF4B-00C04F79EFBC}") = "WebApp", "WebApp\WebApp.csproj", "{DC3D372F-840F-4784-A812-7027CE5F57FD}"
EndProject
Global
	GlobalSection(SolutionConfigurationPlatforms) = preSolution
		Debug|Any CPU = Debug|Any CPU
		Release|Any CPU = Release|Any CPU
	EndGlobalSection
	GlobalSection(ProjectConfigurationPlatforms) = postSolution
		{80A4AE37-64BE-41E8-9141-9F6DB3ADCA7E}.Debug|Any CPU.ActiveCfg = Debug|Any CPU
		{80A4AE37-64BE-41E8-9141-9F6DB3ADCA7E}.Debug|Any CPU.Build.0 = Debug|Any CPU
		{80A4AE37-64BE-41E8-9141-9F6DB3ADCA7E}.Release|Any CPU.ActiveCfg = Release|Any CPU
		{80A4AE37-64BE-41E8-9141-9F6DB3ADCA7E}.Release|Any CPU.Build.0 = Release|Any CPU
		{7663910D-6D04-4A4C-9C5F-E903720839F7}.Debug|Any CPU.ActiveCfg = Debug|Any CPU
		{7663910D-6D04-4A4C-9C5F-E903720839F7}.Debug|Any CPU.Build.0 = Debug|Any CPU
		{7663910D-6D04-4A4C-9C5F-E903720839F7}.Release|Any CPU.ActiveCfg = Release|Any CPU
		{7663910D-6D04-4A4C-9C5F-E903720839F7}.Release|Any CPU.Build.0 = Release|Any CPU
		{C552D225-EDB0-4AEF-A8A4-FE120D9DE7D5}.Debug|Any CPU.ActiveCfg = Debug|Any CPU
		{C552D225-EDB0-4AEF-A8A4-FE120D9DE7D5}.Debug|Any CPU.Build.0 = Debug|Any CPU
		{C552D225-EDB0-4AEF-A8A4-FE120D9DE7D5}.Release|Any CPU.ActiveCfg = Release|Any CPU
		{C552D225-EDB0-4AEF-A8A4-FE120D9DE7D5}.Release|Any CPU.Build.0 = Release|Any CPU
		{513FC563-8981-44D6-A902-ECFF1F469D3E}.Debug|Any CPU.ActiveCfg = Debug|Any CPU
		{513FC563-8981-44D6-A902-ECFF1F469D3E}.Debug|Any CPU.Build.0 = Debug|Any CPU
		{513FC563-8981-44D6-A902-ECFF1F469D3E}.Release|Any CPU.ActiveCfg = Release|Any CPU
		{513FC563-8981-44D6-A902-ECFF1F469D3E}.Release|Any CPU.Build.0 = Release|Any CPU
		{CF1FEEE5-E569-4D24-9590-9610427D3EAD}.Debug|Any CPU.ActiveCfg = Debug|Any CPU
		{CF1FEEE5-E569-4D24-9590-9610427D3EAD}.Debug|Any CPU.Build.0 = Debug|Any CPU
		{CF1FEEE5-E569-4D24-9590-9610427D3EAD}.Release|Any CPU.ActiveCfg = Release|Any CPU
		{CF1FEEE5-E569-4D24-9590-9610427D3EAD}.Release|Any CPU.Build.0 = Release|Any CPU
		{83299BF7-70F9-4190-91FF-8FF4CD37050B}.Debug|Any CPU.ActiveCfg = Debug|Any CPU
		{83299BF7-70F9-4190-91FF-8FF4CD37050B}.Debug|Any CPU.Build.0 = Debug|Any CPU
		{83299BF7-70F9-4190-91FF-8FF4CD37050B}.Release|Any CPU.ActiveCfg = Release|Any CPU
		{83299BF7-70F9-4190-91FF-8FF4CD37050B}.Release|Any CPU.Build.0 = Release|Any CPU
		{DC3D372F-840F-4784-A812-7027CE5F57FD}.Debug|Any CPU.ActiveCfg = Debug|Any CPU
		{DC3D372F-840F-4784-A812-7027CE5F57FD}.Debug|Any CPU.Build.0 = Debug|Any CPU
		{DC3D372F-840F-4784-A812-7027CE5F57FD}.Release|Any CPU.ActiveCfg = Release|Any CPU
		{DC3D372F-840F-4784-A812-7027CE5F57FD}.Release|Any CPU.Build.0 = Release|Any CPU
	EndGlobalSection
EndGlobal
